
Microsoft Visual Studio Solution File, Format Version 12.00
# Visual Studio Version 17
VisualStudioVersion = 17.14.36310.24 d17.14
MinimumVisualStudioVersion = 10.0.40219.1
Project("{FAE04EC0-301F-11D3-BF4B-00C04F79EFBC}") = "CRUDNATIVO703", "CRUDNATIVO703\CRUDNATIVO703.csproj", "{F6DE4539-1777-4DDC-8103-6169FFFB6A48}"
EndProject
Global
	GlobalSection(SolutionConfigurationPlatforms) = preSolution
		Debug|Any CPU = Debug|Any CPU
		Release|Any CPU = Release|Any CPU
	EndGlobalSection
	GlobalSection(ProjectConfigurationPlatforms) = postSolution
		{F6DE4539-1777-4DDC-8103-6169FFFB6A48}.Debug|Any CPU.ActiveCfg = Debug|Any CPU
		{F6DE4539-1777-4DDC-8103-6169FFFB6A48}.Debug|Any CPU.Build.0 = Debug|Any CPU
		{F6DE4539-1777-4DDC-8103-6169FFFB6A48}.Release|Any CPU.ActiveCfg = Release|Any CPU
		{F6DE4539-1777-4DDC-8103-6169FFFB6A48}.Release|Any CPU.Build.0 = Release|Any CPU
	EndGlobalSection
	GlobalSection(SolutionProperties) = preSolution
		HideSolutionNode = FALSE
	EndGlobalSection
	GlobalSection(ExtensibilityGlobals) = postSolution
		SolutionGuid = {525B79FE-0305-4B74-BB16-74888035BF6E}
	EndGlobalSection
EndGlobal
